
Microsoft Visual Studio Solution File, Format Version 12.00
# Visual Studio Version 17
VisualStudioVersion = 17.13.35931.197 d17.13
MinimumVisualStudioVersion = 10.0.40219.1
Project("{FAE04EC0-301F-11D3-BF4B-00C04F79EFBC}") = "GrocerySales.Api", "GrocerySales.Api\GrocerySales.Api.csproj", "{04B2B0A6-7E9A-4395-BFF3-E53346260BF4}"
EndProject
Project("{FAE04EC0-301F-11D3-BF4B-00C04F79EFBC}") = "GrocerySales.Infrastructure", "GrocerySales.Infrastructure\GrocerySales.Infrastructure.csproj", "{7DB1026F-D5C4-486F-9A81-C0FA100B9399}"
EndProject
Project("{FAE04EC0-301F-11D3-BF4B-00C04F79EFBC}") = "GrocerySales.Abstractions", "GrocerySales.Abstractions\GrocerySales.Abstractions.csproj", "{6FE20238-3A7A-48A6-A7F5-6679EBFD555E}"
EndProject
Global
	GlobalSection(SolutionConfigurationPlatforms) = preSolution
		Debug|Any CPU = Debug|Any CPU
		Release|Any CPU = Release|Any CPU
	EndGlobalSection
	GlobalSection(ProjectConfigurationPlatforms) = postSolution
		{04B2B0A6-7E9A-4395-BFF3-E53346260BF4}.Debug|Any CPU.ActiveCfg = Debug|Any CPU
		{04B2B0A6-7E9A-4395-BFF3-E53346260BF4}.Debug|Any CPU.Build.0 = Debug|Any CPU
		{04B2B0A6-7E9A-4395-BFF3-E53346260BF4}.Release|Any CPU.ActiveCfg = Release|Any CPU
		{04B2B0A6-7E9A-4395-BFF3-E53346260BF4}.Release|Any CPU.Build.0 = Release|Any CPU
		{7DB1026F-D5C4-486F-9A81-C0FA100B9399}.Debug|Any CPU.ActiveCfg = Debug|Any CPU
		{7DB1026F-D5C4-486F-9A81-C0FA100B9399}.Debug|Any CPU.Build.0 = Debug|Any CPU
		{7DB1026F-D5C4-486F-9A81-C0FA100B9399}.Release|Any CPU.ActiveCfg = Release|Any CPU
		{7DB1026F-D5C4-486F-9A81-C0FA100B9399}.Release|Any CPU.Build.0 = Release|Any CPU
		{6FE20238-3A7A-48A6-A7F5-6679EBFD555E}.Debug|Any CPU.ActiveCfg = Debug|Any CPU
		{6FE20238-3A7A-48A6-A7F5-6679EBFD555E}.Debug|Any CPU.Build.0 = Debug|Any CPU
		{6FE20238-3A7A-48A6-A7F5-6679EBFD555E}.Release|Any CPU.ActiveCfg = Release|Any CPU
		{6FE20238-3A7A-48A6-A7F5-6679EBFD555E}.Release|Any CPU.Build.0 = Release|Any CPU
	EndGlobalSection
	GlobalSection(SolutionProperties) = preSolution
		HideSolutionNode = FALSE
	EndGlobalSection
	GlobalSection(ExtensibilityGlobals) = postSolution
		SolutionGuid = {01A312F6-3054-4512-B364-4B7C20AF1C59}
	EndGlobalSection
EndGlobal
